{
  "name": "трекер автогуманиста",
  "lockfileVersion": 3,
  "requires": true,
  "packages": {
    "": {
      "devDependencies": {
        "sql.js": "^1.11.0"
      }
    },
    "node_modules/sql.js": {
      "version": "1.11.0",
      "resolved": "https://registry.npmjs.org/sql.js/-/sql.js-1.11.0.tgz",
      "integrity": "sha512-GsLUDU3vhOo14Pd5ME0y2te49JQyby6HuoCuadevEV+CGgTUjmYRrm7B7lhRyzOgrmcWmspUfyjNb6sOAEqdsA==",
      "dev": true,
      "license": "MIT"
    }
  }
}
